// !$*UTF8*$!
{
	archiveVersion = 1;
	classes = {
	};
	objectVersion = 56;
	objects = {

/* Begin PBXBuildFile section */
		7136DDF629F81D24000B472A /* AppleAuthentication.swift in Sources */ = {isa = PBXBuildFile; fileRef = 7136DDF529F81D24000B472A /* AppleAuthentication.swift */; };
		7151AC2A29E5C1520002388E /* NavCustomButton.swift in Sources */ = {isa = PBXBuildFile; fileRef = 7151AC2929E5C1520002388E /* NavCustomButton.swift */; };
		7151AC2C29E5C4670002388E /* ForgotPasswordView.swift in Sources */ = {isa = PBXBuildFile; fileRef = 7151AC2B29E5C4670002388E /* ForgotPasswordView.swift */; };
		7151AC2E29E5CC3A0002388E /* SignupWithEmailView.swift in Sources */ = {isa = PBXBuildFile; fileRef = 7151AC2D29E5CC3A0002388E /* SignupWithEmailView.swift */; };
		7151AC3029E5CDE30002388E /* ForgotPasswordViewModel.swift in Sources */ = {isa = PBXBuildFile; fileRef = 7151AC2F29E5CDE30002388E /* ForgotPasswordViewModel.swift */; };
		7152A91F29E85566001D9518 /* SignupViewModel.swift in Sources */ = {isa = PBXBuildFile; fileRef = 7152A91E29E85566001D9518 /* SignupViewModel.swift */; };
		715C724529DCA0A7002A8B81 /* PongPongApp.swift in Sources */ = {isa = PBXBuildFile; fileRef = 715C724429DCA0A7002A8B81 /* PongPongApp.swift */; };
		715C724929DCA0AE002A8B81 /* Assets.xcassets in Resources */ = {isa = PBXBuildFile; fileRef = 715C724829DCA0AE002A8B81 /* Assets.xcassets */; };
		715C724C29DCA0AE002A8B81 /* Preview Assets.xcassets in Resources */ = {isa = PBXBuildFile; fileRef = 715C724B29DCA0AE002A8B81 /* Preview Assets.xcassets */; };
		715C725429DCA10A002A8B81 /* HomeView.swift in Sources */ = {isa = PBXBuildFile; fileRef = 715C725329DCA10A002A8B81 /* HomeView.swift */; };
		716A28D229F6D8F500782102 /* FacebookCore in Frameworks */ = {isa = PBXBuildFile; productRef = 716A28D129F6D8F500782102 /* FacebookCore */; };
		716A28D429F6D8F500782102 /* FacebookLogin in Frameworks */ = {isa = PBXBuildFile; productRef = 716A28D329F6D8F500782102 /* FacebookLogin */; };
		716A28D729F7220C00782102 /* FacebookAuthentication.swift in Sources */ = {isa = PBXBuildFile; fileRef = 716A28D629F7220C00782102 /* FacebookAuthentication.swift */; };
		71788A6329E06F9E00D8883D /* OffsettableScrollView.swift in Sources */ = {isa = PBXBuildFile; fileRef = 71788A6229E06F9E00D8883D /* OffsettableScrollView.swift */; };
		71788A6529E0BC6300D8883D /* WelcomeView.swift in Sources */ = {isa = PBXBuildFile; fileRef = 71788A6429E0BC6300D8883D /* WelcomeView.swift */; };
		71788A6729E0C6BB00D8883D /* SignupView.swift in Sources */ = {isa = PBXBuildFile; fileRef = 71788A6629E0C6BB00D8883D /* SignupView.swift */; };
		71788A6929E0C73000D8883D /* CustomButton.swift in Sources */ = {isa = PBXBuildFile; fileRef = 71788A6829E0C72F00D8883D /* CustomButton.swift */; };
		71788A6B29E0DE0900D8883D /* NavButtonWithLeadingText.swift in Sources */ = {isa = PBXBuildFile; fileRef = 71788A6A29E0DE0900D8883D /* NavButtonWithLeadingText.swift */; };
		718D38A529DCB3AD0055CBC4 /* CategoryTitle.swift in Sources */ = {isa = PBXBuildFile; fileRef = 718D38A429DCB3AD0055CBC4 /* CategoryTitle.swift */; };
		718D38A729DCB4F60055CBC4 /* ContentTitle.swift in Sources */ = {isa = PBXBuildFile; fileRef = 718D38A629DCB4F60055CBC4 /* ContentTitle.swift */; };
		718D38A929DCC6210055CBC4 /* BookCover.swift in Sources */ = {isa = PBXBuildFile; fileRef = 718D38A829DCC6210055CBC4 /* BookCover.swift */; };
		718D38AB29DCD0F30055CBC4 /* RatingView.swift in Sources */ = {isa = PBXBuildFile; fileRef = 718D38AA29DCD0F30055CBC4 /* RatingView.swift */; };
		718D38AD29DCDD4F0055CBC4 /* BookContentView.swift in Sources */ = {isa = PBXBuildFile; fileRef = 718D38AC29DCDD4F0055CBC4 /* BookContentView.swift */; };
		718D38B029DE49880055CBC4 /* FirebaseAuth in Frameworks */ = {isa = PBXBuildFile; productRef = 718D38AF29DE49880055CBC4 /* FirebaseAuth */; };
		718D38B229DE49880055CBC4 /* FirebaseFirestoreSwift in Frameworks */ = {isa = PBXBuildFile; productRef = 718D38B129DE49880055CBC4 /* FirebaseFirestoreSwift */; };
		718D38B429DE49880055CBC4 /* FirebaseStorage in Frameworks */ = {isa = PBXBuildFile; productRef = 718D38B329DE49880055CBC4 /* FirebaseStorage */; };
		718D38B729DE4DA70055CBC4 /* FirebaseManager.swift in Sources */ = {isa = PBXBuildFile; fileRef = 718D38B629DE4DA70055CBC4 /* FirebaseManager.swift */; };
		718D38BA29DE4E040055CBC4 /* Book.swift in Sources */ = {isa = PBXBuildFile; fileRef = 718D38B929DE4E040055CBC4 /* Book.swift */; };
		718D38BD29DE52080055CBC4 /* GoogleService-Info.plist in Resources */ = {isa = PBXBuildFile; fileRef = 718D38BC29DE52080055CBC4 /* GoogleService-Info.plist */; };
		718D38BF29DF0EED0055CBC4 /* HomeViewModel.swift in Sources */ = {isa = PBXBuildFile; fileRef = 718D38BE29DF0EED0055CBC4 /* HomeViewModel.swift */; };
		718D38C229DF18CD0055CBC4 /* SDWebImageSwiftUI in Frameworks */ = {isa = PBXBuildFile; productRef = 718D38C129DF18CD0055CBC4 /* SDWebImageSwiftUI */; };
		718D38C829DF44A60055CBC4 /* FirebaseConstants.swift in Sources */ = {isa = PBXBuildFile; fileRef = 718D38C729DF44A60055CBC4 /* FirebaseConstants.swift */; };
		718EE03C29E1CA21006FD476 /* SigninView.swift in Sources */ = {isa = PBXBuildFile; fileRef = 718EE03B29E1CA21006FD476 /* SigninView.swift */; };
		718EE03E29E1D422006FD476 /* TextFieldWithTitle.swift in Sources */ = {isa = PBXBuildFile; fileRef = 718EE03D29E1D422006FD476 /* TextFieldWithTitle.swift */; };
		718EE04029E1DA48006FD476 /* NavigationSubtitle.swift in Sources */ = {isa = PBXBuildFile; fileRef = 718EE03F29E1DA48006FD476 /* NavigationSubtitle.swift */; };
		718EE04329E1E062006FD476 /* FirebaseAuthManager.swift in Sources */ = {isa = PBXBuildFile; fileRef = 718EE04229E1E062006FD476 /* FirebaseAuthManager.swift */; };
		718EE04529E1E6AA006FD476 /* SigninViewModel.swift in Sources */ = {isa = PBXBuildFile; fileRef = 718EE04429E1E6AA006FD476 /* SigninViewModel.swift */; };
		718EE04729E1EE7A006FD476 /* SecureTextFieldWIthTitle.swift in Sources */ = {isa = PBXBuildFile; fileRef = 718EE04629E1EE7A006FD476 /* SecureTextFieldWIthTitle.swift */; };
		718EE04D29E1F494006FD476 /* Poppins-Medium.ttf in Resources */ = {isa = PBXBuildFile; fileRef = 718EE04929E1F493006FD476 /* Poppins-Medium.ttf */; };
		718EE04E29E1F494006FD476 /* Poppins-SemiBold.ttf in Resources */ = {isa = PBXBuildFile; fileRef = 718EE04A29E1F493006FD476 /* Poppins-SemiBold.ttf */; };
		718EE04F29E1F494006FD476 /* Poppins-Regular.ttf in Resources */ = {isa = PBXBuildFile; fileRef = 718EE04B29E1F493006FD476 /* Poppins-Regular.ttf */; };
		718EE05029E1F494006FD476 /* Poppins-Bold.ttf in Resources */ = {isa = PBXBuildFile; fileRef = 718EE04C29E1F494006FD476 /* Poppins-Bold.ttf */; };
		719069F329FD63EE003BE3EE /* FavoriteView.swift in Sources */ = {isa = PBXBuildFile; fileRef = 719069F229FD63EE003BE3EE /* FavoriteView.swift */; };
		7193B4E629F5E32A00278731 /* GoogleSignInSwift in Frameworks */ = {isa = PBXBuildFile; productRef = 7193B4E529F5E32A00278731 /* GoogleSignInSwift */; };
		71A3FDE129DF751B0072EA07 /* TabBarView.swift in Sources */ = {isa = PBXBuildFile; fileRef = 71A3FDE029DF751B0072EA07 /* TabBarView.swift */; };
		71A3FDE329DF76780072EA07 /* SearchView.swift in Sources */ = {isa = PBXBuildFile; fileRef = 71A3FDE229DF76780072EA07 /* SearchView.swift */; };
		71A3FDE529DF77A10072EA07 /* SearchViewModel.swift in Sources */ = {isa = PBXBuildFile; fileRef = 71A3FDE429DF77A10072EA07 /* SearchViewModel.swift */; };
		71A3FDE729DF7B230072EA07 /* VerticalBookList.swift in Sources */ = {isa = PBXBuildFile; fileRef = 71A3FDE629DF7B230072EA07 /* VerticalBookList.swift */; };
		71C1D84129E30A9F00A7A526 /* FontConstants.swift in Sources */ = {isa = PBXBuildFile; fileRef = 71C1D84029E30A9F00A7A526 /* FontConstants.swift */; };
		71C1D84329E4E4E600A7A526 /* LoadingView.swift in Sources */ = {isa = PBXBuildFile; fileRef = 71C1D84229E4E4E600A7A526 /* LoadingView.swift */; };
/* End PBXBuildFile section */

/* Begin PBXFileReference section */
		7136DDF529F81D24000B472A /* AppleAuthentication.swift */ = {isa = PBXFileReference; lastKnownFileType = sourcecode.swift; path = AppleAuthentication.swift; sourceTree = "<group>"; };
		7151AC2929E5C1520002388E /* NavCustomButton.swift */ = {isa = PBXFileReference; lastKnownFileType = sourcecode.swift; path = NavCustomButton.swift; sourceTree = "<group>"; };
		7151AC2B29E5C4670002388E /* ForgotPasswordView.swift */ = {isa = PBXFileReference; lastKnownFileType = sourcecode.swift; path = ForgotPasswordView.swift; sourceTree = "<group>"; };
		7151AC2D29E5CC3A0002388E /* SignupWithEmailView.swift */ = {isa = PBXFileReference; lastKnownFileType = sourcecode.swift; path = SignupWithEmailView.swift; sourceTree = "<group>"; };
		7151AC2F29E5CDE30002388E /* ForgotPasswordViewModel.swift */ = {isa = PBXFileReference; lastKnownFileType = sourcecode.swift; path = ForgotPasswordViewModel.swift; sourceTree = "<group>"; };
		7152A91E29E85566001D9518 /* SignupViewModel.swift */ = {isa = PBXFileReference; lastKnownFileType = sourcecode.swift; path = SignupViewModel.swift; sourceTree = "<group>"; };
		715C724129DCA0A7002A8B81 /* PongPong.app */ = {isa = PBXFileReference; explicitFileType = wrapper.application; includeInIndex = 0; path = PongPong.app; sourceTree = BUILT_PRODUCTS_DIR; };
		715C724429DCA0A7002A8B81 /* PongPongApp.swift */ = {isa = PBXFileReference; lastKnownFileType = sourcecode.swift; path = PongPongApp.swift; sourceTree = "<group>"; };
		715C724829DCA0AE002A8B81 /* Assets.xcassets */ = {isa = PBXFileReference; lastKnownFileType = folder.assetcatalog; path = Assets.xcassets; sourceTree = "<group>"; };
		715C724B29DCA0AE002A8B81 /* Preview Assets.xcassets */ = {isa = PBXFileReference; lastKnownFileType = folder.assetcatalog; path = "Preview Assets.xcassets"; sourceTree = "<group>"; };
		715C725329DCA10A002A8B81 /* HomeView.swift */ = {isa = PBXFileReference; lastKnownFileType = sourcecode.swift; path = HomeView.swift; sourceTree = "<group>"; };
		716A28D529F6DF9D00782102 /* PongPong.entitlements */ = {isa = PBXFileReference; lastKnownFileType = text.plist.entitlements; path = PongPong.entitlements; sourceTree = "<group>"; };
		716A28D629F7220C00782102 /* FacebookAuthentication.swift */ = {isa = PBXFileReference; lastKnownFileType = sourcecode.swift; path = FacebookAuthentication.swift; sourceTree = "<group>"; };
		71788A6229E06F9E00D8883D /* OffsettableScrollView.swift */ = {isa = PBXFileReference; lastKnownFileType = sourcecode.swift; path = OffsettableScrollView.swift; sourceTree = "<group>"; };
		71788A6429E0BC6300D8883D /* WelcomeView.swift */ = {isa = PBXFileReference; lastKnownFileType = sourcecode.swift; path = WelcomeView.swift; sourceTree = "<group>"; };
		71788A6629E0C6BB00D8883D /* SignupView.swift */ = {isa = PBXFileReference; lastKnownFileType = sourcecode.swift; path = SignupView.swift; sourceTree = "<group>"; };
		71788A6829E0C72F00D8883D /* CustomButton.swift */ = {isa = PBXFileReference; lastKnownFileType = sourcecode.swift; path = CustomButton.swift; sourceTree = "<group>"; };
		71788A6A29E0DE0900D8883D /* NavButtonWithLeadingText.swift */ = {isa = PBXFileReference; lastKnownFileType = sourcecode.swift; path = NavButtonWithLeadingText.swift; sourceTree = "<group>"; };
		718D38A429DCB3AD0055CBC4 /* CategoryTitle.swift */ = {isa = PBXFileReference; lastKnownFileType = sourcecode.swift; path = CategoryTitle.swift; sourceTree = "<group>"; };
		718D38A629DCB4F60055CBC4 /* ContentTitle.swift */ = {isa = PBXFileReference; lastKnownFileType = sourcecode.swift; path = ContentTitle.swift; sourceTree = "<group>"; };
		718D38A829DCC6210055CBC4 /* BookCover.swift */ = {isa = PBXFileReference; lastKnownFileType = sourcecode.swift; path = BookCover.swift; sourceTree = "<group>"; };
		718D38AA29DCD0F30055CBC4 /* RatingView.swift */ = {isa = PBXFileReference; lastKnownFileType = sourcecode.swift; path = RatingView.swift; sourceTree = "<group>"; };
		718D38AC29DCDD4F0055CBC4 /* BookContentView.swift */ = {isa = PBXFileReference; lastKnownFileType = sourcecode.swift; path = BookContentView.swift; sourceTree = "<group>"; };
		718D38B629DE4DA70055CBC4 /* FirebaseManager.swift */ = {isa = PBXFileReference; lastKnownFileType = sourcecode.swift; path = FirebaseManager.swift; sourceTree = "<group>"; };
		718D38B929DE4E040055CBC4 /* Book.swift */ = {isa = PBXFileReference; lastKnownFileType = sourcecode.swift; path = Book.swift; sourceTree = "<group>"; };
		718D38BC29DE52080055CBC4 /* GoogleService-Info.plist */ = {isa = PBXFileReference; fileEncoding = 4; lastKnownFileType = text.plist.xml; path = "GoogleService-Info.plist"; sourceTree = "<group>"; };
		718D38BE29DF0EED0055CBC4 /* HomeViewModel.swift */ = {isa = PBXFileReference; lastKnownFileType = sourcecode.swift; path = HomeViewModel.swift; sourceTree = "<group>"; };
		718D38C729DF44A60055CBC4 /* FirebaseConstants.swift */ = {isa = PBXFileReference; lastKnownFileType = sourcecode.swift; path = FirebaseConstants.swift; sourceTree = "<group>"; };
		718EE03B29E1CA21006FD476 /* SigninView.swift */ = {isa = PBXFileReference; lastKnownFileType = sourcecode.swift; path = SigninView.swift; sourceTree = "<group>"; };
		718EE03D29E1D422006FD476 /* TextFieldWithTitle.swift */ = {isa = PBXFileReference; lastKnownFileType = sourcecode.swift; path = TextFieldWithTitle.swift; sourceTree = "<group>"; };
		718EE03F29E1DA48006FD476 /* NavigationSubtitle.swift */ = {isa = PBXFileReference; lastKnownFileType = sourcecode.swift; path = NavigationSubtitle.swift; sourceTree = "<group>"; };
		718EE04229E1E062006FD476 /* FirebaseAuthManager.swift */ = {isa = PBXFileReference; lastKnownFileType = sourcecode.swift; path = FirebaseAuthManager.swift; sourceTree = "<group>"; };
		718EE04429E1E6AA006FD476 /* SigninViewModel.swift */ = {isa = PBXFileReference; lastKnownFileType = sourcecode.swift; path = SigninViewModel.swift; sourceTree = "<group>"; };
		718EE04629E1EE7A006FD476 /* SecureTextFieldWIthTitle.swift */ = {isa = PBXFileReference; lastKnownFileType = sourcecode.swift; path = SecureTextFieldWIthTitle.swift; sourceTree = "<group>"; };
		718EE04929E1F493006FD476 /* Poppins-Medium.ttf */ = {isa = PBXFileReference; lastKnownFileType = file; path = "Poppins-Medium.ttf"; sourceTree = "<group>"; };
		718EE04A29E1F493006FD476 /* Poppins-SemiBold.ttf */ = {isa = PBXFileReference; lastKnownFileType = file; path = "Poppins-SemiBold.ttf"; sourceTree = "<group>"; };
		718EE04B29E1F493006FD476 /* Poppins-Regular.ttf */ = {isa = PBXFileReference; lastKnownFileType = file; path = "Poppins-Regular.ttf"; sourceTree = "<group>"; };
		718EE04C29E1F494006FD476 /* Poppins-Bold.ttf */ = {isa = PBXFileReference; lastKnownFileType = file; path = "Poppins-Bold.ttf"; sourceTree = "<group>"; };
		718EE05129E1F4E2006FD476 /* Info.plist */ = {isa = PBXFileReference; lastKnownFileType = text.plist; path = Info.plist; sourceTree = "<group>"; };
		719069F229FD63EE003BE3EE /* FavoriteView.swift */ = {isa = PBXFileReference; lastKnownFileType = sourcecode.swift; path = FavoriteView.swift; sourceTree = "<group>"; };
		71A3FDE029DF751B0072EA07 /* TabBarView.swift */ = {isa = PBXFileReference; lastKnownFileType = sourcecode.swift; path = TabBarView.swift; sourceTree = "<group>"; };
		71A3FDE229DF76780072EA07 /* SearchView.swift */ = {isa = PBXFileReference; lastKnownFileType = sourcecode.swift; path = SearchView.swift; sourceTree = "<group>"; };
		71A3FDE429DF77A10072EA07 /* SearchViewModel.swift */ = {isa = PBXFileReference; lastKnownFileType = sourcecode.swift; path = SearchViewModel.swift; sourceTree = "<group>"; };
		71A3FDE629DF7B230072EA07 /* VerticalBookList.swift */ = {isa = PBXFileReference; lastKnownFileType = sourcecode.swift; path = VerticalBookList.swift; sourceTree = "<group>"; };
		71C1D84029E30A9F00A7A526 /* FontConstants.swift */ = {isa = PBXFileReference; lastKnownFileType = sourcecode.swift; path = FontConstants.swift; sourceTree = "<group>"; };
		71C1D84229E4E4E600A7A526 /* LoadingView.swift */ = {isa = PBXFileReference; lastKnownFileType = sourcecode.swift; path = LoadingView.swift; sourceTree = "<group>"; };
/* End PBXFileReference section */

/* Begin PBXFrameworksBuildPhase section */
		715C723E29DCA0A7002A8B81 /* Frameworks */ = {
			isa = PBXFrameworksBuildPhase;
			buildActionMask = 2147483647;
			files = (
				7193B4E629F5E32A00278731 /* GoogleSignInSwift in Frameworks */,
				716A28D229F6D8F500782102 /* FacebookCore in Frameworks */,
				718D38C229DF18CD0055CBC4 /* SDWebImageSwiftUI in Frameworks */,
				718D38B029DE49880055CBC4 /* FirebaseAuth in Frameworks */,
				718D38B229DE49880055CBC4 /* FirebaseFirestoreSwift in Frameworks */,
				716A28D429F6D8F500782102 /* FacebookLogin in Frameworks */,
				718D38B429DE49880055CBC4 /* FirebaseStorage in Frameworks */,
			);
			runOnlyForDeploymentPostprocessing = 0;
		};
/* End PBXFrameworksBuildPhase section */

/* Begin PBXGroup section */
		715C723829DCA0A7002A8B81 = {
			isa = PBXGroup;
			children = (
				715C724329DCA0A7002A8B81 /* PongPong */,
				715C724229DCA0A7002A8B81 /* Products */,
			);
			sourceTree = "<group>";
		};
		715C724229DCA0A7002A8B81 /* Products */ = {
			isa = PBXGroup;
			children = (
				715C724129DCA0A7002A8B81 /* PongPong.app */,
			);
			name = Products;
			sourceTree = "<group>";
		};
		715C724329DCA0A7002A8B81 /* PongPong */ = {
			isa = PBXGroup;
			children = (
				716A28D529F6DF9D00782102 /* PongPong.entitlements */,
				718EE05129E1F4E2006FD476 /* Info.plist */,
				718EE04829E1F487006FD476 /* Fonts */,
				718D38C629DF44980055CBC4 /* Constants */,
				718D38BB29DE50D40055CBC4 /* ViewModels */,
				718D38B829DE4DF10055CBC4 /* Models */,
				718D38B529DE4D950055CBC4 /* Apis */,
				718D38A329DCB39C0055CBC4 /* Components */,
				715C725229DCA0F0002A8B81 /* Views */,
				715C724429DCA0A7002A8B81 /* PongPongApp.swift */,
				718D38BC29DE52080055CBC4 /* GoogleService-Info.plist */,
				715C724829DCA0AE002A8B81 /* Assets.xcassets */,
				715C724A29DCA0AE002A8B81 /* Preview Content */,
			);
			path = PongPong;
			sourceTree = "<group>";
		};
		715C724A29DCA0AE002A8B81 /* Preview Content */ = {
			isa = PBXGroup;
			children = (
				715C724B29DCA0AE002A8B81 /* Preview Assets.xcassets */,
			);
			path = "Preview Content";
			sourceTree = "<group>";
		};
		715C725229DCA0F0002A8B81 /* Views */ = {
			isa = PBXGroup;
			children = (
				715C725329DCA10A002A8B81 /* HomeView.swift */,
				718D38AC29DCDD4F0055CBC4 /* BookContentView.swift */,
				71A3FDE029DF751B0072EA07 /* TabBarView.swift */,
				71A3FDE229DF76780072EA07 /* SearchView.swift */,
				71788A6429E0BC6300D8883D /* WelcomeView.swift */,
				71788A6629E0C6BB00D8883D /* SignupView.swift */,
				718EE03B29E1CA21006FD476 /* SigninView.swift */,
				7151AC2B29E5C4670002388E /* ForgotPasswordView.swift */,
				7151AC2D29E5CC3A0002388E /* SignupWithEmailView.swift */,
				719069F229FD63EE003BE3EE /* FavoriteView.swift */,
			);
			path = Views;
			sourceTree = "<group>";
		};
		718D38A329DCB39C0055CBC4 /* Components */ = {
			isa = PBXGroup;
			children = (
				718D38A429DCB3AD0055CBC4 /* CategoryTitle.swift */,
				718D38A629DCB4F60055CBC4 /* ContentTitle.swift */,
				718D38A829DCC6210055CBC4 /* BookCover.swift */,
				718D38AA29DCD0F30055CBC4 /* RatingView.swift */,
				71A3FDE629DF7B230072EA07 /* VerticalBookList.swift */,
				71788A6229E06F9E00D8883D /* OffsettableScrollView.swift */,
				71788A6829E0C72F00D8883D /* CustomButton.swift */,
				71788A6A29E0DE0900D8883D /* NavButtonWithLeadingText.swift */,
				718EE03D29E1D422006FD476 /* TextFieldWithTitle.swift */,
				718EE03F29E1DA48006FD476 /* NavigationSubtitle.swift */,
				718EE04629E1EE7A006FD476 /* SecureTextFieldWIthTitle.swift */,
				71C1D84229E4E4E600A7A526 /* LoadingView.swift */,
				7151AC2929E5C1520002388E /* NavCustomButton.swift */,
			);
			path = Components;
			sourceTree = "<group>";
		};
		718D38B529DE4D950055CBC4 /* Apis */ = {
			isa = PBXGroup;
			children = (
				718EE04129E1DE6A006FD476 /* Firebase */,
				716A28D629F7220C00782102 /* FacebookAuthentication.swift */,
				7136DDF529F81D24000B472A /* AppleAuthentication.swift */,
			);
			path = Apis;
			sourceTree = "<group>";
		};
		718D38B829DE4DF10055CBC4 /* Models */ = {
			isa = PBXGroup;
			children = (
				718D38B929DE4E040055CBC4 /* Book.swift */,
			);
			path = Models;
			sourceTree = "<group>";
		};
		718D38BB29DE50D40055CBC4 /* ViewModels */ = {
			isa = PBXGroup;
			children = (
				718D38BE29DF0EED0055CBC4 /* HomeViewModel.swift */,
				71A3FDE429DF77A10072EA07 /* SearchViewModel.swift */,
				718EE04429E1E6AA006FD476 /* SigninViewModel.swift */,
				7151AC2F29E5CDE30002388E /* ForgotPasswordViewModel.swift */,
				7152A91E29E85566001D9518 /* SignupViewModel.swift */,
			);
			path = ViewModels;
			sourceTree = "<group>";
		};
		718D38C629DF44980055CBC4 /* Constants */ = {
			isa = PBXGroup;
			children = (
				718D38C729DF44A60055CBC4 /* FirebaseConstants.swift */,
				71C1D84029E30A9F00A7A526 /* FontConstants.swift */,
			);
			path = Constants;
			sourceTree = "<group>";
		};
		718EE04129E1DE6A006FD476 /* Firebase */ = {
			isa = PBXGroup;
			children = (
				718D38B629DE4DA70055CBC4 /* FirebaseManager.swift */,
				718EE04229E1E062006FD476 /* FirebaseAuthManager.swift */,
			);
			path = Firebase;
			sourceTree = "<group>";
		};
		718EE04829E1F487006FD476 /* Fonts */ = {
			isa = PBXGroup;
			children = (
				718EE04C29E1F494006FD476 /* Poppins-Bold.ttf */,
				718EE04929E1F493006FD476 /* Poppins-Medium.ttf */,
				718EE04B29E1F493006FD476 /* Poppins-Regular.ttf */,
				718EE04A29E1F493006FD476 /* Poppins-SemiBold.ttf */,
			);
			path = Fonts;
			sourceTree = "<group>";
		};
/* End PBXGroup section */

/* Begin PBXNativeTarget section */
		715C724029DCA0A7002A8B81 /* PongPong */ = {
			isa = PBXNativeTarget;
			buildConfigurationList = 715C724F29DCA0AE002A8B81 /* Build configuration list for PBXNativeTarget "PongPong" */;
			buildPhases = (
				715C723D29DCA0A7002A8B81 /* Sources */,
				715C723E29DCA0A7002A8B81 /* Frameworks */,
				715C723F29DCA0A7002A8B81 /* Resources */,
			);
			buildRules = (
			);
			dependencies = (
			);
			name = PongPong;
			packageProductDependencies = (
				718D38AF29DE49880055CBC4 /* FirebaseAuth */,
				718D38B129DE49880055CBC4 /* FirebaseFirestoreSwift */,
				718D38B329DE49880055CBC4 /* FirebaseStorage */,
				718D38C129DF18CD0055CBC4 /* SDWebImageSwiftUI */,
				7193B4E529F5E32A00278731 /* GoogleSignInSwift */,
				716A28D129F6D8F500782102 /* FacebookCore */,
				716A28D329F6D8F500782102 /* FacebookLogin */,
			);
			productName = PongPong;
			productReference = 715C724129DCA0A7002A8B81 /* PongPong.app */;
			productType = "com.apple.product-type.application";
		};
/* End PBXNativeTarget section */

/* Begin PBXProject section */
		715C723929DCA0A7002A8B81 /* Project object */ = {
			isa = PBXProject;
			attributes = {
				BuildIndependentTargetsInParallel = 1;
				LastSwiftUpdateCheck = 1410;
				LastUpgradeCheck = 1410;
				TargetAttributes = {
					715C724029DCA0A7002A8B81 = {
						CreatedOnToolsVersion = 14.1;
					};
				};
			};
			buildConfigurationList = 715C723C29DCA0A7002A8B81 /* Build configuration list for PBXProject "PongPong" */;
			compatibilityVersion = "Xcode 14.0";
			developmentRegion = en;
			hasScannedForEncodings = 0;
			knownRegions = (
				en,
				Base,
			);
			mainGroup = 715C723829DCA0A7002A8B81;
			packageReferences = (
				718D38AE29DE49880055CBC4 /* XCRemoteSwiftPackageReference "firebase-ios-sdk" */,
				718D38C029DF18CD0055CBC4 /* XCRemoteSwiftPackageReference "SDWebImageSwiftUI" */,
				7193B4E429F5E32900278731 /* XCRemoteSwiftPackageReference "GoogleSignIn-iOS" */,
				716A28D029F6D8F500782102 /* XCRemoteSwiftPackageReference "facebook-ios-sdk" */,
			);
			productRefGroup = 715C724229DCA0A7002A8B81 /* Products */;
			projectDirPath = "";
			projectRoot = "";
			targets = (
				715C724029DCA0A7002A8B81 /* PongPong */,
			);
		};
/* End PBXProject section */

/* Begin PBXResourcesBuildPhase section */
		715C723F29DCA0A7002A8B81 /* Resources */ = {
			isa = PBXResourcesBuildPhase;
			buildActionMask = 2147483647;
			files = (
				718EE04E29E1F494006FD476 /* Poppins-SemiBold.ttf in Resources */,
				715C724C29DCA0AE002A8B81 /* Preview Assets.xcassets in Resources */,
				718EE05029E1F494006FD476 /* Poppins-Bold.ttf in Resources */,
				718EE04D29E1F494006FD476 /* Poppins-Medium.ttf in Resources */,
				718EE04F29E1F494006FD476 /* Poppins-Regular.ttf in Resources */,
				718D38BD29DE52080055CBC4 /* GoogleService-Info.plist in Resources */,
				715C724929DCA0AE002A8B81 /* Assets.xcassets in Resources */,
			);
			runOnlyForDeploymentPostprocessing = 0;
		};
/* End PBXResourcesBuildPhase section */

/* Begin PBXSourcesBuildPhase section */
		715C723D29DCA0A7002A8B81 /* Sources */ = {
			isa = PBXSourcesBuildPhase;
			buildActionMask = 2147483647;
			files = (
				71788A6729E0C6BB00D8883D /* SignupView.swift in Sources */,
				71788A6929E0C73000D8883D /* CustomButton.swift in Sources */,
				718D38A929DCC6210055CBC4 /* BookCover.swift in Sources */,
				718D38AD29DCDD4F0055CBC4 /* BookContentView.swift in Sources */,
				718EE04029E1DA48006FD476 /* NavigationSubtitle.swift in Sources */,
				71C1D84329E4E4E600A7A526 /* LoadingView.swift in Sources */,
				718EE03E29E1D422006FD476 /* TextFieldWithTitle.swift in Sources */,
				715C724529DCA0A7002A8B81 /* PongPongApp.swift in Sources */,
				7151AC3029E5CDE30002388E /* ForgotPasswordViewModel.swift in Sources */,
				7151AC2E29E5CC3A0002388E /* SignupWithEmailView.swift in Sources */,
				7151AC2A29E5C1520002388E /* NavCustomButton.swift in Sources */,
				718EE03C29E1CA21006FD476 /* SigninView.swift in Sources */,
				718D38BF29DF0EED0055CBC4 /* HomeViewModel.swift in Sources */,
				71C1D84129E30A9F00A7A526 /* FontConstants.swift in Sources */,
				718D38A529DCB3AD0055CBC4 /* CategoryTitle.swift in Sources */,
				71788A6B29E0DE0900D8883D /* NavButtonWithLeadingText.swift in Sources */,
				71788A6529E0BC6300D8883D /* WelcomeView.swift in Sources */,
				718D38B729DE4DA70055CBC4 /* FirebaseManager.swift in Sources */,
				718D38BA29DE4E040055CBC4 /* Book.swift in Sources */,
				718EE04529E1E6AA006FD476 /* SigninViewModel.swift in Sources */,
				718D38AB29DCD0F30055CBC4 /* RatingView.swift in Sources */,
				71A3FDE529DF77A10072EA07 /* SearchViewModel.swift in Sources */,
				71A3FDE329DF76780072EA07 /* SearchView.swift in Sources */,
				718D38A729DCB4F60055CBC4 /* ContentTitle.swift in Sources */,
				718EE04329E1E062006FD476 /* FirebaseAuthManager.swift in Sources */,
				71A3FDE729DF7B230072EA07 /* VerticalBookList.swift in Sources */,
				718D38C829DF44A60055CBC4 /* FirebaseConstants.swift in Sources */,
				71A3FDE129DF751B0072EA07 /* TabBarView.swift in Sources */,
				719069F329FD63EE003BE3EE /* FavoriteView.swift in Sources */,
				715C725429DCA10A002A8B81 /* HomeView.swift in Sources */,
				71788A6329E06F9E00D8883D /* OffsettableScrollView.swift in Sources */,
				7136DDF629F81D24000B472A /* AppleAuthentication.swift in Sources */,
				7151AC2C29E5C4670002388E /* ForgotPasswordView.swift in Sources */,
				716A28D729F7220C00782102 /* FacebookAuthentication.swift in Sources */,
				7152A91F29E85566001D9518 /* SignupViewModel.swift in Sources */,
				718EE04729E1EE7A006FD476 /* SecureTextFieldWIthTitle.swift in Sources */,
			);
			runOnlyForDeploymentPostprocessing = 0;
		};
/* End PBXSourcesBuildPhase section */

/* Begin XCBuildConfiguration section */
		715C724D29DCA0AE002A8B81 /* Debug */ = {
			isa = XCBuildConfiguration;
			buildSettings = {
				ALWAYS_SEARCH_USER_PATHS = NO;
				CLANG_ANALYZER_NONNULL = YES;
				CLANG_ANALYZER_NUMBER_OBJECT_CONVERSION = YES_AGGRESSIVE;
				CLANG_CXX_LANGUAGE_STANDARD = "gnu++20";
				CLANG_ENABLE_MODULES = YES;
				CLANG_ENABLE_OBJC_ARC = YES;
				CLANG_ENABLE_OBJC_WEAK = YES;
				CLANG_WARN_BLOCK_CAPTURE_AUTORELEASING = YES;
				CLANG_WARN_BOOL_CONVERSION = YES;
				CLANG_WARN_COMMA = YES;
				CLANG_WARN_CONSTANT_CONVERSION = YES;
				CLANG_WARN_DEPRECATED_OBJC_IMPLEMENTATIONS = YES;
				CLANG_WARN_DIRECT_OBJC_ISA_USAGE = YES_ERROR;
				CLANG_WARN_DOCUMENTATION_COMMENTS = YES;
				CLANG_WARN_EMPTY_BODY = YES;
				CLANG_WARN_ENUM_CONVERSION = YES;
				CLANG_WARN_INFINITE_RECURSION = YES;
				CLANG_WARN_INT_CONVERSION = YES;
				CLANG_WARN_NON_LITERAL_NULL_CONVERSION = YES;
				CLANG_WARN_OBJC_IMPLICIT_RETAIN_SELF = YES;
				CLANG_WARN_OBJC_LITERAL_CONVERSION = YES;
				CLANG_WARN_OBJC_ROOT_CLASS = YES_ERROR;
				CLANG_WARN_QUOTED_INCLUDE_IN_FRAMEWORK_HEADER = YES;
				CLANG_WARN_RANGE_LOOP_ANALYSIS = YES;
				CLANG_WARN_STRICT_PROTOTYPES = YES;
				CLANG_WARN_SUSPICIOUS_MOVE = YES;
				CLANG_WARN_UNGUARDED_AVAILABILITY = YES_AGGRESSIVE;
				CLANG_WARN_UNREACHABLE_CODE = YES;
				CLANG_WARN__DUPLICATE_METHOD_MATCH = YES;
				COPY_PHASE_STRIP = NO;
				DEBUG_INFORMATION_FORMAT = dwarf;
				ENABLE_STRICT_OBJC_MSGSEND = YES;
				ENABLE_TESTABILITY = YES;
				GCC_C_LANGUAGE_STANDARD = gnu11;
				GCC_DYNAMIC_NO_PIC = NO;
				GCC_NO_COMMON_BLOCKS = YES;
				GCC_OPTIMIZATION_LEVEL = 0;
				GCC_PREPROCESSOR_DEFINITIONS = (
					"DEBUG=1",
					"$(inherited)",
				);
				GCC_WARN_64_TO_32_BIT_CONVERSION = YES;
				GCC_WARN_ABOUT_RETURN_TYPE = YES_ERROR;
				GCC_WARN_UNDECLARED_SELECTOR = YES;
				GCC_WARN_UNINITIALIZED_AUTOS = YES_AGGRESSIVE;
				GCC_WARN_UNUSED_FUNCTION = YES;
				GCC_WARN_UNUSED_VARIABLE = YES;
				IPHONEOS_DEPLOYMENT_TARGET = 16.1;
				MTL_ENABLE_DEBUG_INFO = INCLUDE_SOURCE;
				MTL_FAST_MATH = YES;
				ONLY_ACTIVE_ARCH = YES;
				SDKROOT = iphoneos;
				SWIFT_ACTIVE_COMPILATION_CONDITIONS = DEBUG;
				SWIFT_OPTIMIZATION_LEVEL = "-Onone";
			};
			name = Debug;
		};
		715C724E29DCA0AE002A8B81 /* Release */ = {
			isa = XCBuildConfiguration;
			buildSettings = {
				ALWAYS_SEARCH_USER_PATHS = NO;
				CLANG_ANALYZER_NONNULL = YES;
				CLANG_ANALYZER_NUMBER_OBJECT_CONVERSION = YES_AGGRESSIVE;
				CLANG_CXX_LANGUAGE_STANDARD = "gnu++20";
				CLANG_ENABLE_MODULES = YES;
				CLANG_ENABLE_OBJC_ARC = YES;
				CLANG_ENABLE_OBJC_WEAK = YES;
				CLANG_WARN_BLOCK_CAPTURE_AUTORELEASING = YES;
				CLANG_WARN_BOOL_CONVERSION = YES;
				CLANG_WARN_COMMA = YES;
				CLANG_WARN_CONSTANT_CONVERSION = YES;
				CLANG_WARN_DEPRECATED_OBJC_IMPLEMENTATIONS = YES;
				CLANG_WARN_DIRECT_OBJC_ISA_USAGE = YES_ERROR;
				CLANG_WARN_DOCUMENTATION_COMMENTS = YES;
				CLANG_WARN_EMPTY_BODY = YES;
				CLANG_WARN_ENUM_CONVERSION = YES;
				CLANG_WARN_INFINITE_RECURSION = YES;
				CLANG_WARN_INT_CONVERSION = YES;
				CLANG_WARN_NON_LITERAL_NULL_CONVERSION = YES;
				CLANG_WARN_OBJC_IMPLICIT_RETAIN_SELF = YES;
				CLANG_WARN_OBJC_LITERAL_CONVERSION = YES;
				CLANG_WARN_OBJC_ROOT_CLASS = YES_ERROR;
				CLANG_WARN_QUOTED_INCLUDE_IN_FRAMEWORK_HEADER = YES;
				CLANG_WARN_RANGE_LOOP_ANALYSIS = YES;
				CLANG_WARN_STRICT_PROTOTYPES = YES;
				CLANG_WARN_SUSPICIOUS_MOVE = YES;
				CLANG_WARN_UNGUARDED_AVAILABILITY = YES_AGGRESSIVE;
				CLANG_WARN_UNREACHABLE_CODE = YES;
				CLANG_WARN__DUPLICATE_METHOD_MATCH = YES;
				COPY_PHASE_STRIP = NO;
				DEBUG_INFORMATION_FORMAT = "dwarf-with-dsym";
				ENABLE_NS_ASSERTIONS = NO;
				ENABLE_STRICT_OBJC_MSGSEND = YES;
				GCC_C_LANGUAGE_STANDARD = gnu11;
				GCC_NO_COMMON_BLOCKS = YES;
				GCC_WARN_64_TO_32_BIT_CONVERSION = YES;
				GCC_WARN_ABOUT_RETURN_TYPE = YES_ERROR;
				GCC_WARN_UNDECLARED_SELECTOR = YES;
				GCC_WARN_UNINITIALIZED_AUTOS = YES_AGGRESSIVE;
				GCC_WARN_UNUSED_FUNCTION = YES;
				GCC_WARN_UNUSED_VARIABLE = YES;
				IPHONEOS_DEPLOYMENT_TARGET = 16.1;
				MTL_ENABLE_DEBUG_INFO = NO;
				MTL_FAST_MATH = YES;
				SDKROOT = iphoneos;
				SWIFT_COMPILATION_MODE = wholemodule;
				SWIFT_OPTIMIZATION_LEVEL = "-O";
				VALIDATE_PRODUCT = YES;
			};
			name = Release;
		};
		715C725029DCA0AE002A8B81 /* Debug */ = {
			isa = XCBuildConfiguration;
			buildSettings = {
				ASSETCATALOG_COMPILER_APPICON_NAME = AppIcon;
				ASSETCATALOG_COMPILER_GLOBAL_ACCENT_COLOR_NAME = AccentColor;
				CODE_SIGN_ENTITLEMENTS = PongPong/PongPong.entitlements;
				CODE_SIGN_STYLE = Automatic;
				CURRENT_PROJECT_VERSION = 1;
				DEVELOPMENT_ASSET_PATHS = "\"PongPong/Preview Content\"";
				DEVELOPMENT_TEAM = 89BV38HZUZ;
				ENABLE_PREVIEWS = YES;
				GENERATE_INFOPLIST_FILE = YES;
				INFOPLIST_FILE = PongPong/Info.plist;
				INFOPLIST_KEY_CFBundleDisplayName = "Pong Pong";
				INFOPLIST_KEY_LSApplicationCategoryType = "public.app-category.books";
				INFOPLIST_KEY_UIApplicationSceneManifest_Generation = YES;
				INFOPLIST_KEY_UIApplicationSupportsIndirectInputEvents = YES;
				INFOPLIST_KEY_UILaunchScreen_Generation = YES;
				INFOPLIST_KEY_UISupportedInterfaceOrientations_iPad = "UIInterfaceOrientationPortrait UIInterfaceOrientationPortraitUpsideDown UIInterfaceOrientationLandscapeLeft UIInterfaceOrientationLandscapeRight";
				INFOPLIST_KEY_UISupportedInterfaceOrientations_iPhone = "UIInterfaceOrientationPortrait UIInterfaceOrientationLandscapeLeft UIInterfaceOrientationLandscapeRight";
				LD_RUNPATH_SEARCH_PATHS = (
					"$(inherited)",
					"@executable_path/Frameworks",
				);
				MARKETING_VERSION = 1.0;
				PRODUCT_BUNDLE_IDENTIFIER = com.kimleng.PongPong;
				PRODUCT_NAME = "$(TARGET_NAME)";
				SWIFT_EMIT_LOC_STRINGS = YES;
				SWIFT_VERSION = 5.0;
				TARGETED_DEVICE_FAMILY = "1,2";
			};
			name = Debug;
		};
		715C725129DCA0AE002A8B81 /* Release */ = {
			isa = XCBuildConfiguration;
			buildSettings = {
				ASSETCATALOG_COMPILER_APPICON_NAME = AppIcon;
				ASSETCATALOG_COMPILER_GLOBAL_ACCENT_COLOR_NAME = AccentColor;
				CODE_SIGN_ENTITLEMENTS = PongPong/PongPong.entitlements;
				CODE_SIGN_STYLE = Automatic;
				CURRENT_PROJECT_VERSION = 1;
				DEVELOPMENT_ASSET_PATHS = "\"PongPong/Preview Content\"";
				DEVELOPMENT_TEAM = 89BV38HZUZ;
				ENABLE_PREVIEWS = YES;
				GENERATE_INFOPLIST_FILE = YES;
				INFOPLIST_FILE = PongPong/Info.plist;
				INFOPLIST_KEY_CFBundleDisplayName = "Pong Pong";
				INFOPLIST_KEY_LSApplicationCategoryType = "public.app-category.books";
				INFOPLIST_KEY_UIApplicationSceneManifest_Generation = YES;
				INFOPLIST_KEY_UIApplicationSupportsIndirectInputEvents = YES;
				INFOPLIST_KEY_UILaunchScreen_Generation = YES;
				INFOPLIST_KEY_UISupportedInterfaceOrientations_iPad = "UIInterfaceOrientationPortrait UIInterfaceOrientationPortraitUpsideDown UIInterfaceOrientationLandscapeLeft UIInterfaceOrientationLandscapeRight";
				INFOPLIST_KEY_UISupportedInterfaceOrientations_iPhone = "UIInterfaceOrientationPortrait UIInterfaceOrientationLandscapeLeft UIInterfaceOrientationLandscapeRight";
				LD_RUNPATH_SEARCH_PATHS = (
					"$(inherited)",
					"@executable_path/Frameworks",
				);
				MARKETING_VERSION = 1.0;
				PRODUCT_BUNDLE_IDENTIFIER = com.kimleng.PongPong;
				PRODUCT_NAME = "$(TARGET_NAME)";
				SWIFT_EMIT_LOC_STRINGS = YES;
				SWIFT_VERSION = 5.0;
				TARGETED_DEVICE_FAMILY = "1,2";
			};
			name = Release;
		};
/* End XCBuildConfiguration section */

/* Begin XCConfigurationList section */
		715C723C29DCA0A7002A8B81 /* Build configuration list for PBXProject "PongPong" */ = {
			isa = XCConfigurationList;
			buildConfigurations = (
				715C724D29DCA0AE002A8B81 /* Debug */,
				715C724E29DCA0AE002A8B81 /* Release */,
			);
			defaultConfigurationIsVisible = 0;
			defaultConfigurationName = Release;
		};
		715C724F29DCA0AE002A8B81 /* Build configuration list for PBXNativeTarget "PongPong" */ = {
			isa = XCConfigurationList;
			buildConfigurations = (
				715C725029DCA0AE002A8B81 /* Debug */,
				715C725129DCA0AE002A8B81 /* Release */,
			);
			defaultConfigurationIsVisible = 0;
			defaultConfigurationName = Release;
		};
/* End XCConfigurationList section */

/* Begin XCRemoteSwiftPackageReference section */
		716A28D029F6D8F500782102 /* XCRemoteSwiftPackageReference "facebook-ios-sdk" */ = {
			isa = XCRemoteSwiftPackageReference;
			repositoryURL = "https://github.com/facebook/facebook-ios-sdk";
			requirement = {
				kind = upToNextMajorVersion;
				minimumVersion = 9.0.0;
			};
		};
		718D38AE29DE49880055CBC4 /* XCRemoteSwiftPackageReference "firebase-ios-sdk" */ = {
			isa = XCRemoteSwiftPackageReference;
			repositoryURL = "https://github.com/firebase/firebase-ios-sdk.git";
			requirement = {
				kind = upToNextMajorVersion;
				minimumVersion = 9.0.0;
			};
		};
		718D38C029DF18CD0055CBC4 /* XCRemoteSwiftPackageReference "SDWebImageSwiftUI" */ = {
			isa = XCRemoteSwiftPackageReference;
			repositoryURL = "https://github.com/SDWebImage/SDWebImageSwiftUI.git";
			requirement = {
				kind = upToNextMajorVersion;
				minimumVersion = 2.0.0;
			};
		};
		7193B4E429F5E32900278731 /* XCRemoteSwiftPackageReference "GoogleSignIn-iOS" */ = {
			isa = XCRemoteSwiftPackageReference;
			repositoryURL = "https://github.com/google/GoogleSignIn-iOS";
			requirement = {
				kind = upToNextMajorVersion;
				minimumVersion = 7.0.0;
			};
		};
/* End XCRemoteSwiftPackageReference section */

/* Begin XCSwiftPackageProductDependency section */
		716A28D129F6D8F500782102 /* FacebookCore */ = {
			isa = XCSwiftPackageProductDependency;
			package = 716A28D029F6D8F500782102 /* XCRemoteSwiftPackageReference "facebook-ios-sdk" */;
			productName = FacebookCore;
		};
		716A28D329F6D8F500782102 /* FacebookLogin */ = {
			isa = XCSwiftPackageProductDependency;
			package = 716A28D029F6D8F500782102 /* XCRemoteSwiftPackageReference "facebook-ios-sdk" */;
			productName = FacebookLogin;
		};
		718D38AF29DE49880055CBC4 /* FirebaseAuth */ = {
			isa = XCSwiftPackageProductDependency;
			package = 718D38AE29DE49880055CBC4 /* XCRemoteSwiftPackageReference "firebase-ios-sdk" */;
			productName = FirebaseAuth;
		};
		718D38B129DE49880055CBC4 /* FirebaseFirestoreSwift */ = {
			isa = XCSwiftPackageProductDependency;
			package = 718D38AE29DE49880055CBC4 /* XCRemoteSwiftPackageReference "firebase-ios-sdk" */;
			productName = FirebaseFirestoreSwift;
		};
		718D38B329DE49880055CBC4 /* FirebaseStorage */ = {
			isa = XCSwiftPackageProductDependency;
			package = 718D38AE29DE49880055CBC4 /* XCRemoteSwiftPackageReference "firebase-ios-sdk" */;
			productName = FirebaseStorage;
		};
		718D38C129DF18CD0055CBC4 /* SDWebImageSwiftUI */ = {
			isa = XCSwiftPackageProductDependency;
			package = 718D38C029DF18CD0055CBC4 /* XCRemoteSwiftPackageReference "SDWebImageSwiftUI" */;
			productName = SDWebImageSwiftUI;
		};
		7193B4E529F5E32A00278731 /* GoogleSignInSwift */ = {
			isa = XCSwiftPackageProductDependency;
			package = 7193B4E429F5E32900278731 /* XCRemoteSwiftPackageReference "GoogleSignIn-iOS" */;
			productName = GoogleSignInSwift;
		};
/* End XCSwiftPackageProductDependency section */
	};
	rootObject = 715C723929DCA0A7002A8B81 /* Project object */;
}
